
Microsoft Visual Studio Solution File, Format Version 12.00
# Visual Studio 14
VisualStudioVersion = 14.0.25420.1
MinimumVisualStudioVersion = 10.0.40219.1
Project("{FAE04EC0-301F-11D3-BF4B-00C04F79EFBC}") = "FizzBuzzTDD", "FizzBuzzTDD\FizzBuzzTDD.csproj", "{B572B415-9C94-4E74-ABD5-131A741107E8}"
EndProject
Project("{FAE04EC0-301F-11D3-BF4B-00C04F79EFBC}") = "FizzBuzzClasses", "C:\Users\ToddC\Documents\Visual Studio 2015\Projects\CodePlayGround\FizzBuzzClasses\FizzBuzzClasses.csproj", "{FF110E8B-AE18-4558-BA0E-45ED929F162F}"
EndProject
Project("{FAE04EC0-301F-11D3-BF4B-00C04F79EFBC}") = "FizzBuzzClasses.Tests", "C:\Users\ToddC\Documents\Visual Studio 2015\Projects\CodePlayGround\FizzBuzzClasses.Tests\FizzBuzzClasses.Tests.csproj", "{46B4F3BD-6875-46A2-9692-F88D10546B60}"
EndProject
Global
	GlobalSection(SolutionConfigurationPlatforms) = preSolution
		Debug|Any CPU = Debug|Any CPU
		Release|Any CPU = Release|Any CPU
	EndGlobalSection
	GlobalSection(ProjectConfigurationPlatforms) = postSolution
		{B572B415-9C94-4E74-ABD5-131A741107E8}.Debug|Any CPU.ActiveCfg = Debug|Any CPU
		{B572B415-9C94-4E74-ABD5-131A741107E8}.Debug|Any CPU.Build.0 = Debug|Any CPU
		{B572B415-9C94-4E74-ABD5-131A741107E8}.Release|Any CPU.ActiveCfg = Release|Any CPU
		{B572B415-9C94-4E74-ABD5-131A741107E8}.Release|Any CPU.Build.0 = Release|Any CPU
		{FF110E8B-AE18-4558-BA0E-45ED929F162F}.Debug|Any CPU.ActiveCfg = Debug|Any CPU
		{FF110E8B-AE18-4558-BA0E-45ED929F162F}.Debug|Any CPU.Build.0 = Debug|Any CPU
		{FF110E8B-AE18-4558-BA0E-45ED929F162F}.Release|Any CPU.ActiveCfg = Release|Any CPU
		{FF110E8B-AE18-4558-BA0E-45ED929F162F}.Release|Any CPU.Build.0 = Release|Any CPU
		{46B4F3BD-6875-46A2-9692-F88D10546B60}.Debug|Any CPU.ActiveCfg = Debug|Any CPU
		{46B4F3BD-6875-46A2-9692-F88D10546B60}.Debug|Any CPU.Build.0 = Debug|Any CPU
		{46B4F3BD-6875-46A2-9692-F88D10546B60}.Release|Any CPU.ActiveCfg = Release|Any CPU
		{46B4F3BD-6875-46A2-9692-F88D10546B60}.Release|Any CPU.Build.0 = Release|Any CPU
	EndGlobalSection
	GlobalSection(SolutionProperties) = preSolution
		HideSolutionNode = FALSE
	EndGlobalSection
EndGlobal
